
Microsoft Visual Studio Solution File, Format Version 12.00
# Visual Studio 14
VisualStudioVersion = 14.0.23107.0
MinimumVisualStudioVersion = 10.0.40219.1
Project("{CC5FD16D-436D-48AD-A40C-5A424C6E3E79}") = "HackZurich.CloudService", "HackZurich.CloudService\HackZurich.CloudService.ccproj", "{EE4E2A7B-1614-4227-93D4-C7C4A57F2904}"
EndProject
Project("{FAE04EC0-301F-11D3-BF4B-00C04F79EFBC}") = "HackService", "HackService\HackService.csproj", "{7439C54D-7BB0-4776-A31F-A5F0BA4740F4}"
EndProject
Project("{FAE04EC0-301F-11D3-BF4B-00C04F79EFBC}") = "HackZurich.Local", "HackZurich.Local\HackZurich.Local.csproj", "{ED586C82-E880-4F66-B0F7-EF69775492F8}"
EndProject
Project("{FAE04EC0-301F-11D3-BF4B-00C04F79EFBC}") = "HackZurich.Modules", "HackZurich.Modules\HackZurich.Modules.csproj", "{35A04E62-BFB1-4E66-ACD1-7DE5C5E5DE7B}"
EndProject
Project("{FAE04EC0-301F-11D3-BF4B-00C04F79EFBC}") = "HackZurich.Web", "HackZurich.Web\HackZurich.Web.csproj", "{313FDF64-9CD0-451F-9DC5-5074615EC7FB}"
EndProject
Project("{2150E333-8FDC-42A3-9474-1A3956D46DE8}") = "PublishScripts", "PublishScripts", "{44665D56-8E86-4F88-8739-372FB648D6F5}"
EndProject
Project("{2150E333-8FDC-42A3-9474-1A3956D46DE8}") = "Scripts", "Scripts", "{5EEEBDF5-1B48-412F-9916-970225115ED2}"
	ProjectSection(SolutionItems) = preProject
		PublishScripts\Scripts\Deploy-AzureResourceGroup.ps1 = PublishScripts\Scripts\Deploy-AzureResourceGroup.ps1
	EndProjectSection
EndProject
Project("{2150E333-8FDC-42A3-9474-1A3956D46DE8}") = "Templates", "Templates", "{DBFA0F8C-4D9C-44C0-B0BC-D0ADC7B4B95E}"
	ProjectSection(SolutionItems) = preProject
		PublishScripts\Templates\HackZurichWeb.json = PublishScripts\Templates\HackZurichWeb.json
		PublishScripts\Templates\HackZurichWeb.param.dev.json = PublishScripts\Templates\HackZurichWeb.param.dev.json
	EndProjectSection
EndProject
Project("{2150E333-8FDC-42A3-9474-1A3956D46DE8}") = "Clients", "Clients", "{7AE010B4-7CC8-4488-AC4F-C7E6236ABACB}"
EndProject
Project("{2150E333-8FDC-42A3-9474-1A3956D46DE8}") = "NodeJS", "NodeJS", "{4F7ED8B8-2C7C-44FB-B0FB-EDC4FAB56B12}"
EndProject
Project("{9092AA53-FB77-4645-B42D-1CCCA6BD08BD}") = "NodeClient", "NodeClient\NodeClient.njsproj", "{EB514CA0-F51C-442A-891B-8A5ABF002AF1}"
EndProject
Project("{2150E333-8FDC-42A3-9474-1A3956D46DE8}") = "Web", "Web", "{33B9A106-9D0C-40B1-89EC-901B89AC44F2}"
EndProject
Project("{2150E333-8FDC-42A3-9474-1A3956D46DE8}") = "Hosting", "Hosting", "{CD89CA6D-4B25-4812-95A7-006FB046828A}"
EndProject
Project("{2150E333-8FDC-42A3-9474-1A3956D46DE8}") = "CSharp", "CSharp", "{7AA2D5F4-DD80-45FB-81F2-A35C48A8AF67}"
EndProject
Project("{FAE04EC0-301F-11D3-BF4B-00C04F79EFBC}") = "CSharpClient", "CSharpClient\CSharpClient.csproj", "{11BF8322-BDF5-4D82-983D-DD529E0B4A30}"
EndProject
Global
	GlobalSection(SolutionConfigurationPlatforms) = preSolution
		Debug|Any CPU = Debug|Any CPU
		Debug|x64 = Debug|x64
		Debug|x86 = Debug|x86
		Release|Any CPU = Release|Any CPU
		Release|x64 = Release|x64
		Release|x86 = Release|x86
	EndGlobalSection
	GlobalSection(ProjectConfigurationPlatforms) = postSolution
		{EE4E2A7B-1614-4227-93D4-C7C4A57F2904}.Debug|Any CPU.ActiveCfg = Debug|Any CPU
		{EE4E2A7B-1614-4227-93D4-C7C4A57F2904}.Debug|Any CPU.Build.0 = Debug|Any CPU
		{EE4E2A7B-1614-4227-93D4-C7C4A57F2904}.Debug|x64.ActiveCfg = Debug|Any CPU
		{EE4E2A7B-1614-4227-93D4-C7C4A57F2904}.Debug|x64.Build.0 = Debug|Any CPU
		{EE4E2A7B-1614-4227-93D4-C7C4A57F2904}.Debug|x86.ActiveCfg = Debug|Any CPU
		{EE4E2A7B-1614-4227-93D4-C7C4A57F2904}.Debug|x86.Build.0 = Debug|Any CPU
		{EE4E2A7B-1614-4227-93D4-C7C4A57F2904}.Release|Any CPU.ActiveCfg = Release|Any CPU
		{EE4E2A7B-1614-4227-93D4-C7C4A57F2904}.Release|Any CPU.Build.0 = Release|Any CPU
		{EE4E2A7B-1614-4227-93D4-C7C4A57F2904}.Release|x64.ActiveCfg = Release|Any CPU
		{EE4E2A7B-1614-4227-93D4-C7C4A57F2904}.Release|x64.Build.0 = Release|Any CPU
		{EE4E2A7B-1614-4227-93D4-C7C4A57F2904}.Release|x86.ActiveCfg = Release|Any CPU
		{EE4E2A7B-1614-4227-93D4-C7C4A57F2904}.Release|x86.Build.0 = Release|Any CPU
		{7439C54D-7BB0-4776-A31F-A5F0BA4740F4}.Debug|Any CPU.ActiveCfg = Debug|Any CPU
		{7439C54D-7BB0-4776-A31F-A5F0BA4740F4}.Debug|Any CPU.Build.0 = Debug|Any CPU
		{7439C54D-7BB0-4776-A31F-A5F0BA4740F4}.Debug|x64.ActiveCfg = Debug|Any CPU
		{7439C54D-7BB0-4776-A31F-A5F0BA4740F4}.Debug|x64.Build.0 = Debug|Any CPU
		{7439C54D-7BB0-4776-A31F-A5F0BA4740F4}.Debug|x86.ActiveCfg = Debug|Any CPU
		{7439C54D-7BB0-4776-A31F-A5F0BA4740F4}.Debug|x86.Build.0 = Debug|Any CPU
		{7439C54D-7BB0-4776-A31F-A5F0BA4740F4}.Release|Any CPU.ActiveCfg = Release|Any CPU
		{7439C54D-7BB0-4776-A31F-A5F0BA4740F4}.Release|Any CPU.Build.0 = Release|Any CPU
		{7439C54D-7BB0-4776-A31F-A5F0BA4740F4}.Release|x64.ActiveCfg = Release|Any CPU
		{7439C54D-7BB0-4776-A31F-A5F0BA4740F4}.Release|x64.Build.0 = Release|Any CPU
		{7439C54D-7BB0-4776-A31F-A5F0BA4740F4}.Release|x86.ActiveCfg = Release|Any CPU
		{7439C54D-7BB0-4776-A31F-A5F0BA4740F4}.Release|x86.Build.0 = Release|Any CPU
		{ED586C82-E880-4F66-B0F7-EF69775492F8}.Debug|Any CPU.ActiveCfg = Debug|Any CPU
		{ED586C82-E880-4F66-B0F7-EF69775492F8}.Debug|Any CPU.Build.0 = Debug|Any CPU
		{ED586C82-E880-4F66-B0F7-EF69775492F8}.Debug|x64.ActiveCfg = Debug|Any CPU
		{ED586C82-E880-4F66-B0F7-EF69775492F8}.Debug|x64.Build.0 = Debug|Any CPU
		{ED586C82-E880-4F66-B0F7-EF69775492F8}.Debug|x86.ActiveCfg = Debug|Any CPU
		{ED586C82-E880-4F66-B0F7-EF69775492F8}.Debug|x86.Build.0 = Debug|Any CPU
		{ED586C82-E880-4F66-B0F7-EF69775492F8}.Release|Any CPU.ActiveCfg = Release|Any CPU
		{ED586C82-E880-4F66-B0F7-EF69775492F8}.Release|Any CPU.Build.0 = Release|Any CPU
		{ED586C82-E880-4F66-B0F7-EF69775492F8}.Release|x64.ActiveCfg = Release|Any CPU
		{ED586C82-E880-4F66-B0F7-EF69775492F8}.Release|x64.Build.0 = Release|Any CPU
		{ED586C82-E880-4F66-B0F7-EF69775492F8}.Release|x86.ActiveCfg = Release|Any CPU
		{ED586C82-E880-4F66-B0F7-EF69775492F8}.Release|x86.Build.0 = Release|Any CPU
		{35A04E62-BFB1-4E66-ACD1-7DE5C5E5DE7B}.Debug|Any CPU.ActiveCfg = Debug|Any CPU
		{35A04E62-BFB1-4E66-ACD1-7DE5C5E5DE7B}.Debug|Any CPU.Build.0 = Debug|Any CPU
		{35A04E62-BFB1-4E66-ACD1-7DE5C5E5DE7B}.Debug|x64.ActiveCfg = Debug|Any CPU
		{35A04E62-BFB1-4E66-ACD1-7DE5C5E5DE7B}.Debug|x64.Build.0 = Debug|Any CPU
		{35A04E62-BFB1-4E66-ACD1-7DE5C5E5DE7B}.Debug|x86.ActiveCfg = Debug|Any CPU
		{35A04E62-BFB1-4E66-ACD1-7DE5C5E5DE7B}.Debug|x86.Build.0 = Debug|Any CPU
		{35A04E62-BFB1-4E66-ACD1-7DE5C5E5DE7B}.Release|Any CPU.ActiveCfg = Release|Any CPU
		{35A04E62-BFB1-4E66-ACD1-7DE5C5E5DE7B}.Release|Any CPU.Build.0 = Release|Any CPU
		{35A04E62-BFB1-4E66-ACD1-7DE5C5E5DE7B}.Release|x64.ActiveCfg = Release|Any CPU
		{35A04E62-BFB1-4E66-ACD1-7DE5C5E5DE7B}.Release|x64.Build.0 = Release|Any CPU
		{35A04E62-BFB1-4E66-ACD1-7DE5C5E5DE7B}.Release|x86.ActiveCfg = Release|Any CPU
		{35A04E62-BFB1-4E66-ACD1-7DE5C5E5DE7B}.Release|x86.Build.0 = Release|Any CPU
		{313FDF64-9CD0-451F-9DC5-5074615EC7FB}.Debug|Any CPU.ActiveCfg = Debug|Any CPU
		{313FDF64-9CD0-451F-9DC5-5074615EC7FB}.Debug|Any CPU.Build.0 = Debug|Any CPU
		{313FDF64-9CD0-451F-9DC5-5074615EC7FB}.Debug|x64.ActiveCfg = Debug|Any CPU
		{313FDF64-9CD0-451F-9DC5-5074615EC7FB}.Debug|x64.Build.0 = Debug|Any CPU
		{313FDF64-9CD0-451F-9DC5-5074615EC7FB}.Debug|x86.ActiveCfg = Debug|Any CPU
		{313FDF64-9CD0-451F-9DC5-5074615EC7FB}.Debug|x86.Build.0 = Debug|Any CPU
		{313FDF64-9CD0-451F-9DC5-5074615EC7FB}.Release|Any CPU.ActiveCfg = Release|Any CPU
		{313FDF64-9CD0-451F-9DC5-5074615EC7FB}.Release|Any CPU.Build.0 = Release|Any CPU
		{313FDF64-9CD0-451F-9DC5-5074615EC7FB}.Release|x64.ActiveCfg = Release|Any CPU
		{313FDF64-9CD0-451F-9DC5-5074615EC7FB}.Release|x64.Build.0 = Release|Any CPU
		{313FDF64-9CD0-451F-9DC5-5074615EC7FB}.Release|x86.ActiveCfg = Release|Any CPU
		{313FDF64-9CD0-451F-9DC5-5074615EC7FB}.Release|x86.Build.0 = Release|Any CPU
		{EB514CA0-F51C-442A-891B-8A5ABF002AF1}.Debug|Any CPU.ActiveCfg = Debug|Any CPU
		{EB514CA0-F51C-442A-891B-8A5ABF002AF1}.Debug|Any CPU.Build.0 = Debug|Any CPU
		{EB514CA0-F51C-442A-891B-8A5ABF002AF1}.Debug|x64.ActiveCfg = Debug|Any CPU
		{EB514CA0-F51C-442A-891B-8A5ABF002AF1}.Debug|x64.Build.0 = Debug|Any CPU
		{EB514CA0-F51C-442A-891B-8A5ABF002AF1}.Debug|x86.ActiveCfg = Debug|Any CPU
		{EB514CA0-F51C-442A-891B-8A5ABF002AF1}.Debug|x86.Build.0 = Debug|Any CPU
		{EB514CA0-F51C-442A-891B-8A5ABF002AF1}.Release|Any CPU.ActiveCfg = Release|Any CPU
		{EB514CA0-F51C-442A-891B-8A5ABF002AF1}.Release|Any CPU.Build.0 = Release|Any CPU
		{EB514CA0-F51C-442A-891B-8A5ABF002AF1}.Release|x64.ActiveCfg = Release|Any CPU
		{EB514CA0-F51C-442A-891B-8A5ABF002AF1}.Release|x64.Build.0 = Release|Any CPU
		{EB514CA0-F51C-442A-891B-8A5ABF002AF1}.Release|x86.ActiveCfg = Release|Any CPU
		{EB514CA0-F51C-442A-891B-8A5ABF002AF1}.Release|x86.Build.0 = Release|Any CPU
		{11BF8322-BDF5-4D82-983D-DD529E0B4A30}.Debug|Any CPU.ActiveCfg = Debug|Any CPU
		{11BF8322-BDF5-4D82-983D-DD529E0B4A30}.Debug|Any CPU.Build.0 = Debug|Any CPU
		{11BF8322-BDF5-4D82-983D-DD529E0B4A30}.Debug|x64.ActiveCfg = Debug|Any CPU
		{11BF8322-BDF5-4D82-983D-DD529E0B4A30}.Debug|x64.Build.0 = Debug|Any CPU
		{11BF8322-BDF5-4D82-983D-DD529E0B4A30}.Debug|x86.ActiveCfg = Debug|Any CPU
		{11BF8322-BDF5-4D82-983D-DD529E0B4A30}.Debug|x86.Build.0 = Debug|Any CPU
		{11BF8322-BDF5-4D82-983D-DD529E0B4A30}.Release|Any CPU.ActiveCfg = Release|Any CPU
		{11BF8322-BDF5-4D82-983D-DD529E0B4A30}.Release|Any CPU.Build.0 = Release|Any CPU
		{11BF8322-BDF5-4D82-983D-DD529E0B4A30}.Release|x64.ActiveCfg = Release|Any CPU
		{11BF8322-BDF5-4D82-983D-DD529E0B4A30}.Release|x64.Build.0 = Release|Any CPU
		{11BF8322-BDF5-4D82-983D-DD529E0B4A30}.Release|x86.ActiveCfg = Release|Any CPU
		{11BF8322-BDF5-4D82-983D-DD529E0B4A30}.Release|x86.Build.0 = Release|Any CPU
	EndGlobalSection
	GlobalSection(SolutionProperties) = preSolution
		HideSolutionNode = FALSE
	EndGlobalSection
	GlobalSection(NestedProjects) = preSolution
		{EE4E2A7B-1614-4227-93D4-C7C4A57F2904} = {CD89CA6D-4B25-4812-95A7-006FB046828A}
		{7439C54D-7BB0-4776-A31F-A5F0BA4740F4} = {CD89CA6D-4B25-4812-95A7-006FB046828A}
		{ED586C82-E880-4F66-B0F7-EF69775492F8} = {CD89CA6D-4B25-4812-95A7-006FB046828A}
		{313FDF64-9CD0-451F-9DC5-5074615EC7FB} = {33B9A106-9D0C-40B1-89EC-901B89AC44F2}
		{5EEEBDF5-1B48-412F-9916-970225115ED2} = {44665D56-8E86-4F88-8739-372FB648D6F5}
		{DBFA0F8C-4D9C-44C0-B0BC-D0ADC7B4B95E} = {44665D56-8E86-4F88-8739-372FB648D6F5}
		{4F7ED8B8-2C7C-44FB-B0FB-EDC4FAB56B12} = {7AE010B4-7CC8-4488-AC4F-C7E6236ABACB}
		{EB514CA0-F51C-442A-891B-8A5ABF002AF1} = {4F7ED8B8-2C7C-44FB-B0FB-EDC4FAB56B12}
		{33B9A106-9D0C-40B1-89EC-901B89AC44F2} = {7AE010B4-7CC8-4488-AC4F-C7E6236ABACB}
		{7AA2D5F4-DD80-45FB-81F2-A35C48A8AF67} = {7AE010B4-7CC8-4488-AC4F-C7E6236ABACB}
		{11BF8322-BDF5-4D82-983D-DD529E0B4A30} = {7AA2D5F4-DD80-45FB-81F2-A35C48A8AF67}
	EndGlobalSection
EndGlobal
